// !$*UTF8*$!
{
	archiveVersion = 1;
	classes = {
	};
	objectVersion = 46;
	objects = {

/* Begin PBXBuildFile section */
		5E4BA40F6F2F515528E44D22 /* libPods.a in Frameworks */ = {isa = PBXBuildFile; fileRef = 9269F92C41C9262BCB20FD7B /* libPods.a */; };
		E692E38C1B0B3376007B6434 /* DBKBlock.swift in Sources */ = {isa = PBXBuildFile; fileRef = E692E38B1B0B3376007B6434 /* DBKBlock.swift */; };
		E692E5061B0B400D007B6434 /* BlocksKit in Resources */ = {isa = PBXBuildFile; fileRef = E692E4FE1B0B400D007B6434 /* BlocksKit */; };
		E692E5071B0B400D007B6434 /* Emitter in Resources */ = {isa = PBXBuildFile; fileRef = E692E4FF1B0B400D007B6434 /* Emitter */; };
		E692E5081B0B400D007B6434 /* GCDTimer in Resources */ = {isa = PBXBuildFile; fileRef = E692E5001B0B400D007B6434 /* GCDTimer */; };
		E692E5091B0B400D007B6434 /* Headers in Resources */ = {isa = PBXBuildFile; fileRef = E692E5011B0B400D007B6434 /* Headers */; };
		E692E50A1B0B400D007B6434 /* libextobjc in Resources */ = {isa = PBXBuildFile; fileRef = E692E5021B0B400D007B6434 /* libextobjc */; };
		E692E50B1B0B400D007B6434 /* Primus in Resources */ = {isa = PBXBuildFile; fileRef = E692E5031B0B400D007B6434 /* Primus */; };
		E692E50C1B0B400D007B6434 /* Reachability in Resources */ = {isa = PBXBuildFile; fileRef = E692E5041B0B400D007B6434 /* Reachability */; };
		E692E50D1B0B400D007B6434 /* SocketRocket in Resources */ = {isa = PBXBuildFile; fileRef = E692E5051B0B400D007B6434 /* SocketRocket */; };
		E6FF17261B09E24E002CD9AD /* AppDelegate.swift in Sources */ = {isa = PBXBuildFile; fileRef = E6FF17251B09E24E002CD9AD /* AppDelegate.swift */; };
		E6FF17281B09E24E002CD9AD /* ViewController.swift in Sources */ = {isa = PBXBuildFile; fileRef = E6FF17271B09E24E002CD9AD /* ViewController.swift */; };
		E6FF172B1B09E24E002CD9AD /* Main.storyboard in Resources */ = {isa = PBXBuildFile; fileRef = E6FF17291B09E24E002CD9AD /* Main.storyboard */; };
		E6FF172D1B09E24E002CD9AD /* Images.xcassets in Resources */ = {isa = PBXBuildFile; fileRef = E6FF172C1B09E24E002CD9AD /* Images.xcassets */; };
		E6FF17301B09E24E002CD9AD /* LaunchScreen.xib in Resources */ = {isa = PBXBuildFile; fileRef = E6FF172E1B09E24E002CD9AD /* LaunchScreen.xib */; };
		E6FF173C1B09E24E002CD9AD /* primus_obj_swift_helloworldTests.swift in Sources */ = {isa = PBXBuildFile; fileRef = E6FF173B1B09E24E002CD9AD /* primus_obj_swift_helloworldTests.swift */; };
/* End PBXBuildFile section */

/* Begin PBXContainerItemProxy section */
		E6FF17361B09E24E002CD9AD /* PBXContainerItemProxy */ = {
			isa = PBXContainerItemProxy;
			containerPortal = E6FF17181B09E24E002CD9AD /* Project object */;
			proxyType = 1;
			remoteGlobalIDString = E6FF171F1B09E24E002CD9AD;
			remoteInfo = "primus-obj-swift-helloworld";
		};
/* End PBXContainerItemProxy section */

/* Begin PBXFileReference section */
		0E87227214E457CCC7717B64 /* Pods.release.xcconfig */ = {isa = PBXFileReference; includeInIndex = 1; lastKnownFileType = text.xcconfig; name = Pods.release.xcconfig; path = "Pods/Target Support Files/Pods/Pods.release.xcconfig"; sourceTree = "<group>"; };
		497248D1A3F3A8A324735AB2 /* Pods.debug.xcconfig */ = {isa = PBXFileReference; includeInIndex = 1; lastKnownFileType = text.xcconfig; name = Pods.debug.xcconfig; path = "Pods/Target Support Files/Pods/Pods.debug.xcconfig"; sourceTree = "<group>"; };
		9269F92C41C9262BCB20FD7B /* libPods.a */ = {isa = PBXFileReference; explicitFileType = archive.ar; includeInIndex = 0; path = libPods.a; sourceTree = BUILT_PRODUCTS_DIR; };
		E692E38B1B0B3376007B6434 /* DBKBlock.swift */ = {isa = PBXFileReference; fileEncoding = 4; lastKnownFileType = sourcecode.swift; path = DBKBlock.swift; sourceTree = "<group>"; };
		E692E4FE1B0B400D007B6434 /* BlocksKit */ = {isa = PBXFileReference; lastKnownFileType = folder; name = BlocksKit; path = Pods/BlocksKit; sourceTree = "<group>"; };
		E692E4FF1B0B400D007B6434 /* Emitter */ = {isa = PBXFileReference; lastKnownFileType = folder; name = Emitter; path = Pods/Emitter; sourceTree = "<group>"; };
		E692E5001B0B400D007B6434 /* GCDTimer */ = {isa = PBXFileReference; lastKnownFileType = folder; name = GCDTimer; path = Pods/GCDTimer; sourceTree = "<group>"; };
		E692E5011B0B400D007B6434 /* Headers */ = {isa = PBXFileReference; lastKnownFileType = folder; name = Headers; path = Pods/Headers; sourceTree = "<group>"; };
		E692E5021B0B400D007B6434 /* libextobjc */ = {isa = PBXFileReference; lastKnownFileType = folder; name = libextobjc; path = Pods/libextobjc; sourceTree = "<group>"; };
		E692E5031B0B400D007B6434 /* Primus */ = {isa = PBXFileReference; lastKnownFileType = folder; name = Primus; path = Pods/Primus; sourceTree = "<group>"; };
		E692E5041B0B400D007B6434 /* Reachability */ = {isa = PBXFileReference; lastKnownFileType = folder; name = Reachability; path = Pods/Reachability; sourceTree = "<group>"; };
		E692E5051B0B400D007B6434 /* SocketRocket */ = {isa = PBXFileReference; lastKnownFileType = folder; name = SocketRocket; path = Pods/SocketRocket; sourceTree = "<group>"; };
		E6FF17201B09E24E002CD9AD /* primus-obj-swift-helloworld.app */ = {isa = PBXFileReference; explicitFileType = wrapper.application; includeInIndex = 0; path = "primus-obj-swift-helloworld.app"; sourceTree = BUILT_PRODUCTS_DIR; };
		E6FF17241B09E24E002CD9AD /* Info.plist */ = {isa = PBXFileReference; lastKnownFileType = text.plist.xml; path = Info.plist; sourceTree = "<group>"; };
		E6FF17251B09E24E002CD9AD /* AppDelegate.swift */ = {isa = PBXFileReference; lastKnownFileType = sourcecode.swift; path = AppDelegate.swift; sourceTree = "<group>"; };
		E6FF17271B09E24E002CD9AD /* ViewController.swift */ = {isa = PBXFileReference; lastKnownFileType = sourcecode.swift; path = ViewController.swift; sourceTree = "<group>"; };
		E6FF172A1B09E24E002CD9AD /* Base */ = {isa = PBXFileReference; lastKnownFileType = file.storyboard; name = Base; path = Base.lproj/Main.storyboard; sourceTree = "<group>"; };
		E6FF172C1B09E24E002CD9AD /* Images.xcassets */ = {isa = PBXFileReference; lastKnownFileType = folder.assetcatalog; path = Images.xcassets; sourceTree = "<group>"; };
		E6FF172F1B09E24E002CD9AD /* Base */ = {isa = PBXFileReference; lastKnownFileType = file.xib; name = Base; path = Base.lproj/LaunchScreen.xib; sourceTree = "<group>"; };
		E6FF17351B09E24E002CD9AD /* primus-obj-swift-helloworldTests.xctest */ = {isa = PBXFileReference; explicitFileType = wrapper.cfbundle; includeInIndex = 0; path = "primus-obj-swift-helloworldTests.xctest"; sourceTree = BUILT_PRODUCTS_DIR; };
		E6FF173A1B09E24E002CD9AD /* Info.plist */ = {isa = PBXFileReference; lastKnownFileType = text.plist.xml; path = Info.plist; sourceTree = "<group>"; };
		E6FF173B1B09E24E002CD9AD /* primus_obj_swift_helloworldTests.swift */ = {isa = PBXFileReference; lastKnownFileType = sourcecode.swift; path = primus_obj_swift_helloworldTests.swift; sourceTree = "<group>"; };
		E6FF18821B09E8E0002CD9AD /* A2BlockInvocation.h */ = {isa = PBXFileReference; lastKnownFileType = sourcecode.c.h; path = A2BlockInvocation.h; sourceTree = "<group>"; };
		E6FF18831B09E8E0002CD9AD /* A2DynamicDelegate.h */ = {isa = PBXFileReference; lastKnownFileType = sourcecode.c.h; path = A2DynamicDelegate.h; sourceTree = "<group>"; };
		E6FF18841B09E8E0002CD9AD /* NSCache+BlocksKit.h */ = {isa = PBXFileReference; lastKnownFileType = sourcecode.c.h; path = "NSCache+BlocksKit.h"; sourceTree = "<group>"; };
		E6FF18851B09E8E0002CD9AD /* NSObject+A2BlockDelegate.h */ = {isa = PBXFileReference; lastKnownFileType = sourcecode.c.h; path = "NSObject+A2BlockDelegate.h"; sourceTree = "<group>"; };
		E6FF18861B09E8E0002CD9AD /* NSObject+A2DynamicDelegate.h */ = {isa = PBXFileReference; lastKnownFileType = sourcecode.c.h; path = "NSObject+A2DynamicDelegate.h"; sourceTree = "<group>"; };
		E6FF18871B09E8E0002CD9AD /* NSURLConnection+BlocksKit.h */ = {isa = PBXFileReference; lastKnownFileType = sourcecode.c.h; path = "NSURLConnection+BlocksKit.h"; sourceTree = "<group>"; };
		E6FF18891B09E8E0002CD9AD /* Emitter+Blocks.h */ = {isa = PBXFileReference; lastKnownFileType = sourcecode.c.h; path = "Emitter+Blocks.h"; sourceTree = "<group>"; };
		E6FF188A1B09E8E0002CD9AD /* Emitter+Selectors.h */ = {isa = PBXFileReference; lastKnownFileType = sourcecode.c.h; path = "Emitter+Selectors.h"; sourceTree = "<group>"; };
		E6FF188B1B09E8E0002CD9AD /* Emitter.h */ = {isa = PBXFileReference; lastKnownFileType = sourcecode.c.h; path = Emitter.h; sourceTree = "<group>"; };
		E6FF188C1B09E8E0002CD9AD /* NSInvocation+BlockArguments.h */ = {isa = PBXFileReference; lastKnownFileType = sourcecode.c.h; path = "NSInvocation+BlockArguments.h"; sourceTree = "<group>"; };
		E6FF188E1B09E8E0002CD9AD /* GCDTimer.h */ = {isa = PBXFileReference; lastKnownFileType = sourcecode.c.h; path = GCDTimer.h; sourceTree = "<group>"; };
		E6FF18901B09E8E0002CD9AD /* EXTRuntimeExtensions.h */ = {isa = PBXFileReference; lastKnownFileType = sourcecode.c.h; path = EXTRuntimeExtensions.h; sourceTree = "<group>"; };
		E6FF18911B09E8E0002CD9AD /* EXTScope.h */ = {isa = PBXFileReference; lastKnownFileType = sourcecode.c.h; path = EXTScope.h; sourceTree = "<group>"; };
		E6FF18921B09E8E0002CD9AD /* metamacros.h */ = {isa = PBXFileReference; lastKnownFileType = sourcecode.c.h; path = metamacros.h; sourceTree = "<group>"; };
		E6FF18941B09E8E0002CD9AD /* JSON.h */ = {isa = PBXFileReference; lastKnownFileType = sourcecode.c.h; path = JSON.h; sourceTree = "<group>"; };
		E6FF18951B09E8E0002CD9AD /* ParserProtocol.h */ = {isa = PBXFileReference; lastKnownFileType = sourcecode.c.h; path = ParserProtocol.h; sourceTree = "<group>"; };
		E6FF18961B09E8E0002CD9AD /* PluginProtocol.h */ = {isa = PBXFileReference; lastKnownFileType = sourcecode.c.h; path = PluginProtocol.h; sourceTree = "<group>"; };
		E6FF18971B09E8E0002CD9AD /* Primus.h */ = {isa = PBXFileReference; lastKnownFileType = sourcecode.c.h; path = Primus.h; sourceTree = "<group>"; };
		E6FF18981B09E8E0002CD9AD /* PrimusConnectOptions.h */ = {isa = PBXFileReference; lastKnownFileType = sourcecode.c.h; path = PrimusConnectOptions.h; sourceTree = "<group>"; };
		E6FF18991B09E8E0002CD9AD /* PrimusError.h */ = {isa = PBXFileReference; lastKnownFileType = sourcecode.c.h; path = PrimusError.h; sourceTree = "<group>"; };
		E6FF189A1B09E8E0002CD9AD /* PrimusProtocol.h */ = {isa = PBXFileReference; lastKnownFileType = sourcecode.c.h; path = PrimusProtocol.h; sourceTree = "<group>"; };
		E6FF189B1B09E8E0002CD9AD /* PrimusReconnectOptions.h */ = {isa = PBXFileReference; lastKnownFileType = sourcecode.c.h; path = PrimusReconnectOptions.h; sourceTree = "<group>"; };
		E6FF189C1B09E8E0002CD9AD /* PrimusTimers.h */ = {isa = PBXFileReference; lastKnownFileType = sourcecode.c.h; path = PrimusTimers.h; sourceTree = "<group>"; };
		E6FF189D1B09E8E0002CD9AD /* PrimusTransformers.h */ = {isa = PBXFileReference; lastKnownFileType = sourcecode.c.h; path = PrimusTransformers.h; sourceTree = "<group>"; };
		E6FF189E1B09E8E0002CD9AD /* SocketIOClient.h */ = {isa = PBXFileReference; lastKnownFileType = sourcecode.c.h; path = SocketIOClient.h; sourceTree = "<group>"; };
		E6FF189F1B09E8E0002CD9AD /* SocketRocketClient.h */ = {isa = PBXFileReference; lastKnownFileType = sourcecode.c.h; path = SocketRocketClient.h; sourceTree = "<group>"; };
		E6FF18A01B09E8E0002CD9AD /* SocketRocketWebSocket.h */ = {isa = PBXFileReference; lastKnownFileType = sourcecode.c.h; path = SocketRocketWebSocket.h; sourceTree = "<group>"; };
		E6FF18A11B09E8E0002CD9AD /* Transformer.h */ = {isa = PBXFileReference; lastKnownFileType = sourcecode.c.h; path = Transformer.h; sourceTree = "<group>"; };
		E6FF18A21B09E8E0002CD9AD /* TransformerProtocol.h */ = {isa = PBXFileReference; lastKnownFileType = sourcecode.c.h; path = TransformerProtocol.h; sourceTree = "<group>"; };
		E6FF18A41B09E8E0002CD9AD /* Reachability.h */ = {isa = PBXFileReference; lastKnownFileType = sourcecode.c.h; path = Reachability.h; sourceTree = "<group>"; };
		E6FF18A61B09E8E0002CD9AD /* base64.h */ = {isa = PBXFileReference; lastKnownFileType = sourcecode.c.h; path = base64.h; sourceTree = "<group>"; };
		E6FF18A71B09E8E0002CD9AD /* NSData+SRB64Additions.h */ = {isa = PBXFileReference; lastKnownFileType = sourcecode.c.h; path = "NSData+SRB64Additions.h"; sourceTree = "<group>"; };
		E6FF18A81B09E8E0002CD9AD /* SRWebSocket.h */ = {isa = PBXFileReference; lastKnownFileType = sourcecode.c.h; path = SRWebSocket.h; sourceTree = "<group>"; };
		E6FF18AB1B09E8E0002CD9AD /* A2BlockInvocation.h */ = {isa = PBXFileReference; lastKnownFileType = sourcecode.c.h; path = A2BlockInvocation.h; sourceTree = "<group>"; };
		E6FF18AC1B09E8E0002CD9AD /* A2DynamicDelegate.h */ = {isa = PBXFileReference; lastKnownFileType = sourcecode.c.h; path = A2DynamicDelegate.h; sourceTree = "<group>"; };
		E6FF18AD1B09E8E0002CD9AD /* NSCache+BlocksKit.h */ = {isa = PBXFileReference; lastKnownFileType = sourcecode.c.h; path = "NSCache+BlocksKit.h"; sourceTree = "<group>"; };
		E6FF18AE1B09E8E0002CD9AD /* NSObject+A2BlockDelegate.h */ = {isa = PBXFileReference; lastKnownFileType = sourcecode.c.h; path = "NSObject+A2BlockDelegate.h"; sourceTree = "<group>"; };
		E6FF18AF1B09E8E0002CD9AD /* NSObject+A2DynamicDelegate.h */ = {isa = PBXFileReference; lastKnownFileType = sourcecode.c.h; path = "NSObject+A2DynamicDelegate.h"; sourceTree = "<group>"; };
		E6FF18B01B09E8E0002CD9AD /* NSURLConnection+BlocksKit.h */ = {isa = PBXFileReference; lastKnownFileType = sourcecode.c.h; path = "NSURLConnection+BlocksKit.h"; sourceTree = "<group>"; };
		E6FF18B21B09E8E0002CD9AD /* Emitter+Blocks.h */ = {isa = PBXFileReference; lastKnownFileType = sourcecode.c.h; path = "Emitter+Blocks.h"; sourceTree = "<group>"; };
		E6FF18B31B09E8E0002CD9AD /* Emitter+Selectors.h */ = {isa = PBXFileReference; lastKnownFileType = sourcecode.c.h; path = "Emitter+Selectors.h"; sourceTree = "<group>"; };
		E6FF18B41B09E8E0002CD9AD /* Emitter.h */ = {isa = PBXFileReference; lastKnownFileType = sourcecode.c.h; path = Emitter.h; sourceTree = "<group>"; };
		E6FF18B51B09E8E0002CD9AD /* NSInvocation+BlockArguments.h */ = {isa = PBXFileReference; lastKnownFileType = sourcecode.c.h; path = "NSInvocation+BlockArguments.h"; sourceTree = "<group>"; };
		E6FF18B71B09E8E0002CD9AD /* GCDTimer.h */ = {isa = PBXFileReference; lastKnownFileType = sourcecode.c.h; path = GCDTimer.h; sourceTree = "<group>"; };
		E6FF18B91B09E8E0002CD9AD /* EXTRuntimeExtensions.h */ = {isa = PBXFileReference; lastKnownFileType = sourcecode.c.h; path = EXTRuntimeExtensions.h; sourceTree = "<group>"; };
		E6FF18BA1B09E8E0002CD9AD /* EXTScope.h */ = {isa = PBXFileReference; lastKnownFileType = sourcecode.c.h; path = EXTScope.h; sourceTree = "<group>"; };
		E6FF18BB1B09E8E0002CD9AD /* metamacros.h */ = {isa = PBXFileReference; lastKnownFileType = sourcecode.c.h; path = metamacros.h; sourceTree = "<group>"; };
		E6FF18BD1B09E8E0002CD9AD /* JSON.h */ = {isa = PBXFileReference; lastKnownFileType = sourcecode.c.h; path = JSON.h; sourceTree = "<group>"; };
		E6FF18BE1B09E8E0002CD9AD /* ParserProtocol.h */ = {isa = PBXFileReference; lastKnownFileType = sourcecode.c.h; path = ParserProtocol.h; sourceTree = "<group>"; };
		E6FF18BF1B09E8E0002CD9AD /* PluginProtocol.h */ = {isa = PBXFileReference; lastKnownFileType = sourcecode.c.h; path = PluginProtocol.h; sourceTree = "<group>"; };
		E6FF18C01B09E8E0002CD9AD /* Primus.h */ = {isa = PBXFileReference; lastKnownFileType = sourcecode.c.h; path = Primus.h; sourceTree = "<group>"; };
		E6FF18C11B09E8E0002CD9AD /* PrimusConnectOptions.h */ = {isa = PBXFileReference; lastKnownFileType = sourcecode.c.h; path = PrimusConnectOptions.h; sourceTree = "<group>"; };
		E6FF18C21B09E8E0002CD9AD /* PrimusError.h */ = {isa = PBXFileReference; lastKnownFileType = sourcecode.c.h; path = PrimusError.h; sourceTree = "<group>"; };
		E6FF18C31B09E8E0002CD9AD /* PrimusProtocol.h */ = {isa = PBXFileReference; lastKnownFileType = sourcecode.c.h; path = PrimusProtocol.h; sourceTree = "<group>"; };
		E6FF18C41B09E8E0002CD9AD /* PrimusReconnectOptions.h */ = {isa = PBXFileReference; lastKnownFileType = sourcecode.c.h; path = PrimusReconnectOptions.h; sourceTree = "<group>"; };
		E6FF18C51B09E8E0002CD9AD /* PrimusTimers.h */ = {isa = PBXFileReference; lastKnownFileType = sourcecode.c.h; path = PrimusTimers.h; sourceTree = "<group>"; };
		E6FF18C61B09E8E0002CD9AD /* PrimusTransformers.h */ = {isa = PBXFileReference; lastKnownFileType = sourcecode.c.h; path = PrimusTransformers.h; sourceTree = "<group>"; };
		E6FF18C71B09E8E0002CD9AD /* SocketIOClient.h */ = {isa = PBXFileReference; lastKnownFileType = sourcecode.c.h; path = SocketIOClient.h; sourceTree = "<group>"; };
		E6FF18C81B09E8E0002CD9AD /* SocketRocketClient.h */ = {isa = PBXFileReference; lastKnownFileType = sourcecode.c.h; path = SocketRocketClient.h; sourceTree = "<group>"; };
		E6FF18C91B09E8E0002CD9AD /* SocketRocketWebSocket.h */ = {isa = PBXFileReference; lastKnownFileType = sourcecode.c.h; path = SocketRocketWebSocket.h; sourceTree = "<group>"; };
		E6FF18CA1B09E8E0002CD9AD /* Transformer.h */ = {isa = PBXFileReference; lastKnownFileType = sourcecode.c.h; path = Transformer.h; sourceTree = "<group>"; };
		E6FF18CB1B09E8E0002CD9AD /* TransformerProtocol.h */ = {isa = PBXFileReference; lastKnownFileType = sourcecode.c.h; path = TransformerProtocol.h; sourceTree = "<group>"; };
		E6FF18CD1B09E8E0002CD9AD /* Reachability.h */ = {isa = PBXFileReference; lastKnownFileType = sourcecode.c.h; path = Reachability.h; sourceTree = "<group>"; };
		E6FF18CF1B09E8E0002CD9AD /* base64.h */ = {isa = PBXFileReference; lastKnownFileType = sourcecode.c.h; path = base64.h; sourceTree = "<group>"; };
		E6FF18D01B09E8E0002CD9AD /* NSData+SRB64Additions.h */ = {isa = PBXFileReference; lastKnownFileType = sourcecode.c.h; path = "NSData+SRB64Additions.h"; sourceTree = "<group>"; };
		E6FF18D11B09E8E0002CD9AD /* SRWebSocket.h */ = {isa = PBXFileReference; lastKnownFileType = sourcecode.c.h; path = SRWebSocket.h; sourceTree = "<group>"; };
		E6FF190E1B09EB1F002CD9AD /* primus-obj-swift-helloworld-Bridging-Header.h */ = {isa = PBXFileReference; lastKnownFileType = sourcecode.c.h; path = "primus-obj-swift-helloworld-Bridging-Header.h"; sourceTree = "<group>"; };
/* End PBXFileReference section */

/* Begin PBXFrameworksBuildPhase section */
		E6FF171D1B09E24E002CD9AD /* Frameworks */ = {
			isa = PBXFrameworksBuildPhase;
			buildActionMask = 2147483647;
			files = (
				5E4BA40F6F2F515528E44D22 /* libPods.a in Frameworks */,
			);
			runOnlyForDeploymentPostprocessing = 0;
		};
		E6FF17321B09E24E002CD9AD /* Frameworks */ = {
			isa = PBXFrameworksBuildPhase;
			buildActionMask = 2147483647;
			files = (
			);
			runOnlyForDeploymentPostprocessing = 0;
		};
/* End PBXFrameworksBuildPhase section */

/* Begin PBXGroup section */
		BDC38DC7414254AEA6AB4BFF /* Frameworks */ = {
			isa = PBXGroup;
			children = (
				9269F92C41C9262BCB20FD7B /* libPods.a */,
			);
			name = Frameworks;
			sourceTree = "<group>";
		};
		D14241B4EA0A83F1C3AE5E22 /* Pods */ = {
			isa = PBXGroup;
			children = (
				497248D1A3F3A8A324735AB2 /* Pods.debug.xcconfig */,
				0E87227214E457CCC7717B64 /* Pods.release.xcconfig */,
			);
			name = Pods;
			sourceTree = "<group>";
		};
		E6FF17171B09E24E002CD9AD = {
			isa = PBXGroup;
			children = (
				E692E4FE1B0B400D007B6434 /* BlocksKit */,
				E692E4FF1B0B400D007B6434 /* Emitter */,
				E692E5001B0B400D007B6434 /* GCDTimer */,
				E692E5011B0B400D007B6434 /* Headers */,
				E692E5021B0B400D007B6434 /* libextobjc */,
				E692E5031B0B400D007B6434 /* Primus */,
				E692E5041B0B400D007B6434 /* Reachability */,
				E692E5051B0B400D007B6434 /* SocketRocket */,
				E6FF187F1B09E8E0002CD9AD /* Headers */,
				E6FF17221B09E24E002CD9AD /* primus-obj-swift-helloworld */,
				E6FF17381B09E24E002CD9AD /* primus-obj-swift-helloworldTests */,
				E6FF17211B09E24E002CD9AD /* Products */,
				D14241B4EA0A83F1C3AE5E22 /* Pods */,
				BDC38DC7414254AEA6AB4BFF /* Frameworks */,
			);
			sourceTree = "<group>";
		};
		E6FF17211B09E24E002CD9AD /* Products */ = {
			isa = PBXGroup;
			children = (
				E6FF17201B09E24E002CD9AD /* primus-obj-swift-helloworld.app */,
				E6FF17351B09E24E002CD9AD /* primus-obj-swift-helloworldTests.xctest */,
			);
			name = Products;
			sourceTree = "<group>";
		};
		E6FF17221B09E24E002CD9AD /* primus-obj-swift-helloworld */ = {
			isa = PBXGroup;
			children = (
				E6FF17251B09E24E002CD9AD /* AppDelegate.swift */,
				E6FF17271B09E24E002CD9AD /* ViewController.swift */,
				E6FF17291B09E24E002CD9AD /* Main.storyboard */,
				E6FF172C1B09E24E002CD9AD /* Images.xcassets */,
				E6FF172E1B09E24E002CD9AD /* LaunchScreen.xib */,
				E6FF17231B09E24E002CD9AD /* Supporting Files */,
				E6FF190E1B09EB1F002CD9AD /* primus-obj-swift-helloworld-Bridging-Header.h */,
				E692E38B1B0B3376007B6434 /* DBKBlock.swift */,
			);
			path = "primus-obj-swift-helloworld";
			sourceTree = "<group>";
		};
		E6FF17231B09E24E002CD9AD /* Supporting Files */ = {
			isa = PBXGroup;
			children = (
				E6FF17241B09E24E002CD9AD /* Info.plist */,
			);
			name = "Supporting Files";
			sourceTree = "<group>";
		};
		E6FF17381B09E24E002CD9AD /* primus-obj-swift-helloworldTests */ = {
			isa = PBXGroup;
			children = (
				E6FF173B1B09E24E002CD9AD /* primus_obj_swift_helloworldTests.swift */,
				E6FF17391B09E24E002CD9AD /* Supporting Files */,
			);
			path = "primus-obj-swift-helloworldTests";
			sourceTree = "<group>";
		};
		E6FF17391B09E24E002CD9AD /* Supporting Files */ = {
			isa = PBXGroup;
			children = (
				E6FF173A1B09E24E002CD9AD /* Info.plist */,
			);
			name = "Supporting Files";
			sourceTree = "<group>";
		};
		E6FF187F1B09E8E0002CD9AD /* Headers */ = {
			isa = PBXGroup;
			children = (
				E6FF18801B09E8E0002CD9AD /* Private */,
				E6FF18A91B09E8E0002CD9AD /* Public */,
			);
			name = Headers;
			path = Pods/Headers;
			sourceTree = "<group>";
		};
		E6FF18801B09E8E0002CD9AD /* Private */ = {
			isa = PBXGroup;
			children = (
				E6FF18811B09E8E0002CD9AD /* BlocksKit */,
				E6FF18881B09E8E0002CD9AD /* Emitter */,
				E6FF188D1B09E8E0002CD9AD /* GCDTimer */,
				E6FF188F1B09E8E0002CD9AD /* libextobjc */,
				E6FF18931B09E8E0002CD9AD /* Primus */,
				E6FF18A31B09E8E0002CD9AD /* Reachability */,
				E6FF18A51B09E8E0002CD9AD /* SocketRocket */,
			);
			path = Private;
			sourceTree = "<group>";
		};
		E6FF18811B09E8E0002CD9AD /* BlocksKit */ = {
			isa = PBXGroup;
			children = (
				E6FF18821B09E8E0002CD9AD /* A2BlockInvocation.h */,
				E6FF18831B09E8E0002CD9AD /* A2DynamicDelegate.h */,
				E6FF18841B09E8E0002CD9AD /* NSCache+BlocksKit.h */,
				E6FF18851B09E8E0002CD9AD /* NSObject+A2BlockDelegate.h */,
				E6FF18861B09E8E0002CD9AD /* NSObject+A2DynamicDelegate.h */,
				E6FF18871B09E8E0002CD9AD /* NSURLConnection+BlocksKit.h */,
			);
			path = BlocksKit;
			sourceTree = "<group>";
		};
		E6FF18881B09E8E0002CD9AD /* Emitter */ = {
			isa = PBXGroup;
			children = (
				E6FF18891B09E8E0002CD9AD /* Emitter+Blocks.h */,
				E6FF188A1B09E8E0002CD9AD /* Emitter+Selectors.h */,
				E6FF188B1B09E8E0002CD9AD /* Emitter.h */,
				E6FF188C1B09E8E0002CD9AD /* NSInvocation+BlockArguments.h */,
			);
			path = Emitter;
			sourceTree = "<group>";
		};
		E6FF188D1B09E8E0002CD9AD /* GCDTimer */ = {
			isa = PBXGroup;
			children = (
				E6FF188E1B09E8E0002CD9AD /* GCDTimer.h */,
			);
			path = GCDTimer;
			sourceTree = "<group>";
		};
		E6FF188F1B09E8E0002CD9AD /* libextobjc */ = {
			isa = PBXGroup;
			children = (
				E6FF18901B09E8E0002CD9AD /* EXTRuntimeExtensions.h */,
				E6FF18911B09E8E0002CD9AD /* EXTScope.h */,
				E6FF18921B09E8E0002CD9AD /* metamacros.h */,
			);
			path = libextobjc;
			sourceTree = "<group>";
		};
		E6FF18931B09E8E0002CD9AD /* Primus */ = {
			isa = PBXGroup;
			children = (
				E6FF18941B09E8E0002CD9AD /* JSON.h */,
				E6FF18951B09E8E0002CD9AD /* ParserProtocol.h */,
				E6FF18961B09E8E0002CD9AD /* PluginProtocol.h */,
				E6FF18971B09E8E0002CD9AD /* Primus.h */,
				E6FF18981B09E8E0002CD9AD /* PrimusConnectOptions.h */,
				E6FF18991B09E8E0002CD9AD /* PrimusError.h */,
				E6FF189A1B09E8E0002CD9AD /* PrimusProtocol.h */,
				E6FF189B1B09E8E0002CD9AD /* PrimusReconnectOptions.h */,
				E6FF189C1B09E8E0002CD9AD /* PrimusTimers.h */,
				E6FF189D1B09E8E0002CD9AD /* PrimusTransformers.h */,
				E6FF189E1B09E8E0002CD9AD /* SocketIOClient.h */,
				E6FF189F1B09E8E0002CD9AD /* SocketRocketClient.h */,
				E6FF18A01B09E8E0002CD9AD /* SocketRocketWebSocket.h */,
				E6FF18A11B09E8E0002CD9AD /* Transformer.h */,
				E6FF18A21B09E8E0002CD9AD /* TransformerProtocol.h */,
			);
			path = Primus;
			sourceTree = "<group>";
		};
		E6FF18A31B09E8E0002CD9AD /* Reachability */ = {
			isa = PBXGroup;
			children = (
				E6FF18A41B09E8E0002CD9AD /* Reachability.h */,
			);
			path = Reachability;
			sourceTree = "<group>";
		};
		E6FF18A51B09E8E0002CD9AD /* SocketRocket */ = {
			isa = PBXGroup;
			children = (
				E6FF18A61B09E8E0002CD9AD /* base64.h */,
				E6FF18A71B09E8E0002CD9AD /* NSData+SRB64Additions.h */,
				E6FF18A81B09E8E0002CD9AD /* SRWebSocket.h */,
			);
			path = SocketRocket;
			sourceTree = "<group>";
		};
		E6FF18A91B09E8E0002CD9AD /* Public */ = {
			isa = PBXGroup;
			children = (
				E6FF18AA1B09E8E0002CD9AD /* BlocksKit */,
				E6FF18B11B09E8E0002CD9AD /* Emitter */,
				E6FF18B61B09E8E0002CD9AD /* GCDTimer */,
				E6FF18B81B09E8E0002CD9AD /* libextobjc */,
				E6FF18BC1B09E8E0002CD9AD /* Primus */,
				E6FF18CC1B09E8E0002CD9AD /* Reachability */,
				E6FF18CE1B09E8E0002CD9AD /* SocketRocket */,
			);
			path = Public;
			sourceTree = "<group>";
		};
		E6FF18AA1B09E8E0002CD9AD /* BlocksKit */ = {
			isa = PBXGroup;
			children = (
				E6FF18AB1B09E8E0002CD9AD /* A2BlockInvocation.h */,
				E6FF18AC1B09E8E0002CD9AD /* A2DynamicDelegate.h */,
				E6FF18AD1B09E8E0002CD9AD /* NSCache+BlocksKit.h */,
				E6FF18AE1B09E8E0002CD9AD /* NSObject+A2BlockDelegate.h */,
				E6FF18AF1B09E8E0002CD9AD /* NSObject+A2DynamicDelegate.h */,
				E6FF18B01B09E8E0002CD9AD /* NSURLConnection+BlocksKit.h */,
			);
			path = BlocksKit;
			sourceTree = "<group>";
		};
		E6FF18B11B09E8E0002CD9AD /* Emitter */ = {
			isa = PBXGroup;
			children = (
				E6FF18B21B09E8E0002CD9AD /* Emitter+Blocks.h */,
				E6FF18B31B09E8E0002CD9AD /* Emitter+Selectors.h */,
				E6FF18B41B09E8E0002CD9AD /* Emitter.h */,
				E6FF18B51B09E8E0002CD9AD /* NSInvocation+BlockArguments.h */,
			);
			path = Emitter;
			sourceTree = "<group>";
		};
		E6FF18B61B09E8E0002CD9AD /* GCDTimer */ = {
			isa = PBXGroup;
			children = (
				E6FF18B71B09E8E0002CD9AD /* GCDTimer.h */,
			);
			path = GCDTimer;
			sourceTree = "<group>";
		};
		E6FF18B81B09E8E0002CD9AD /* libextobjc */ = {
			isa = PBXGroup;
			children = (
				E6FF18B91B09E8E0002CD9AD /* EXTRuntimeExtensions.h */,
				E6FF18BA1B09E8E0002CD9AD /* EXTScope.h */,
				E6FF18BB1B09E8E0002CD9AD /* metamacros.h */,
			);
			path = libextobjc;
			sourceTree = "<group>";
		};
		E6FF18BC1B09E8E0002CD9AD /* Primus */ = {
			isa = PBXGroup;
			children = (
				E6FF18BD1B09E8E0002CD9AD /* JSON.h */,
				E6FF18BE1B09E8E0002CD9AD /* ParserProtocol.h */,
				E6FF18BF1B09E8E0002CD9AD /* PluginProtocol.h */,
				E6FF18C01B09E8E0002CD9AD /* Primus.h */,
				E6FF18C11B09E8E0002CD9AD /* PrimusConnectOptions.h */,
				E6FF18C21B09E8E0002CD9AD /* PrimusError.h */,
				E6FF18C31B09E8E0002CD9AD /* PrimusProtocol.h */,
				E6FF18C41B09E8E0002CD9AD /* PrimusReconnectOptions.h */,
				E6FF18C51B09E8E0002CD9AD /* PrimusTimers.h */,
				E6FF18C61B09E8E0002CD9AD /* PrimusTransformers.h */,
				E6FF18C71B09E8E0002CD9AD /* SocketIOClient.h */,
				E6FF18C81B09E8E0002CD9AD /* SocketRocketClient.h */,
				E6FF18C91B09E8E0002CD9AD /* SocketRocketWebSocket.h */,
				E6FF18CA1B09E8E0002CD9AD /* Transformer.h */,
				E6FF18CB1B09E8E0002CD9AD /* TransformerProtocol.h */,
			);
			path = Primus;
			sourceTree = "<group>";
		};
		E6FF18CC1B09E8E0002CD9AD /* Reachability */ = {
			isa = PBXGroup;
			children = (
				E6FF18CD1B09E8E0002CD9AD /* Reachability.h */,
			);
			path = Reachability;
			sourceTree = "<group>";
		};
		E6FF18CE1B09E8E0002CD9AD /* SocketRocket */ = {
			isa = PBXGroup;
			children = (
				E6FF18CF1B09E8E0002CD9AD /* base64.h */,
				E6FF18D01B09E8E0002CD9AD /* NSData+SRB64Additions.h */,
				E6FF18D11B09E8E0002CD9AD /* SRWebSocket.h */,
			);
			path = SocketRocket;
			sourceTree = "<group>";
		};
/* End PBXGroup section */

/* Begin PBXNativeTarget section */
		E6FF171F1B09E24E002CD9AD /* primus-obj-swift-helloworld */ = {
			isa = PBXNativeTarget;
			buildConfigurationList = E6FF173F1B09E24E002CD9AD /* Build configuration list for PBXNativeTarget "primus-obj-swift-helloworld" */;
			buildPhases = (
				F8CCDF5C2AE471B576B36460 /* Check Pods Manifest.lock */,
				E6FF171C1B09E24E002CD9AD /* Sources */,
				E6FF171D1B09E24E002CD9AD /* Frameworks */,
				E6FF171E1B09E24E002CD9AD /* Resources */,
				8243BD9B0DB896D124D566D8 /* Copy Pods Resources */,
			);
			buildRules = (
			);
			dependencies = (
			);
			name = "primus-obj-swift-helloworld";
			productName = "primus-obj-swift-helloworld";
			productReference = E6FF17201B09E24E002CD9AD /* primus-obj-swift-helloworld.app */;
			productType = "com.apple.product-type.application";
		};
		E6FF17341B09E24E002CD9AD /* primus-obj-swift-helloworldTests */ = {
			isa = PBXNativeTarget;
			buildConfigurationList = E6FF17421B09E24E002CD9AD /* Build configuration list for PBXNativeTarget "primus-obj-swift-helloworldTests" */;
			buildPhases = (
				E6FF17311B09E24E002CD9AD /* Sources */,
				E6FF17321B09E24E002CD9AD /* Frameworks */,
				E6FF17331B09E24E002CD9AD /* Resources */,
			);
			buildRules = (
			);
			dependencies = (
				E6FF17371B09E24E002CD9AD /* PBXTargetDependency */,
			);
			name = "primus-obj-swift-helloworldTests";
			productName = "primus-obj-swift-helloworldTests";
			productReference = E6FF17351B09E24E002CD9AD /* primus-obj-swift-helloworldTests.xctest */;
			productType = "com.apple.product-type.bundle.unit-test";
		};
/* End PBXNativeTarget section */

/* Begin PBXProject section */
		E6FF17181B09E24E002CD9AD /* Project object */ = {
			isa = PBXProject;
			attributes = {
				LastUpgradeCheck = 0630;
				ORGANIZATIONNAME = Debokeh;
				TargetAttributes = {
					E6FF171F1B09E24E002CD9AD = {
						CreatedOnToolsVersion = 6.3.1;
					};
					E6FF17341B09E24E002CD9AD = {
						CreatedOnToolsVersion = 6.3.1;
						TestTargetID = E6FF171F1B09E24E002CD9AD;
					};
				};
			};
			buildConfigurationList = E6FF171B1B09E24E002CD9AD /* Build configuration list for PBXProject "primus-obj-swift-helloworld" */;
			compatibilityVersion = "Xcode 3.2";
			developmentRegion = English;
			hasScannedForEncodings = 0;
			knownRegions = (
				en,
				Base,
			);
			mainGroup = E6FF17171B09E24E002CD9AD;
			productRefGroup = E6FF17211B09E24E002CD9AD /* Products */;
			projectDirPath = "";
			projectRoot = "";
			targets = (
				E6FF171F1B09E24E002CD9AD /* primus-obj-swift-helloworld */,
				E6FF17341B09E24E002CD9AD /* primus-obj-swift-helloworldTests */,
			);
		};
/* End PBXProject section */

/* Begin PBXResourcesBuildPhase section */
		E6FF171E1B09E24E002CD9AD /* Resources */ = {
			isa = PBXResourcesBuildPhase;
			buildActionMask = 2147483647;
			files = (
				E692E50A1B0B400D007B6434 /* libextobjc in Resources */,
				E6FF172B1B09E24E002CD9AD /* Main.storyboard in Resources */,
				E6FF17301B09E24E002CD9AD /* LaunchScreen.xib in Resources */,
				E6FF172D1B09E24E002CD9AD /* Images.xcassets in Resources */,
				E692E5081B0B400D007B6434 /* GCDTimer in Resources */,
				E692E5071B0B400D007B6434 /* Emitter in Resources */,
				E692E50B1B0B400D007B6434 /* Primus in Resources */,
				E692E50C1B0B400D007B6434 /* Reachability in Resources */,
				E692E5091B0B400D007B6434 /* Headers in Resources */,
				E692E50D1B0B400D007B6434 /* SocketRocket in Resources */,
				E692E5061B0B400D007B6434 /* BlocksKit in Resources */,
			);
			runOnlyForDeploymentPostprocessing = 0;
		};
		E6FF17331B09E24E002CD9AD /* Resources */ = {
			isa = PBXResourcesBuildPhase;
			buildActionMask = 2147483647;
			files = (
			);
			runOnlyForDeploymentPostprocessing = 0;
		};
/* End PBXResourcesBuildPhase section */

/* Begin PBXShellScriptBuildPhase section */
		8243BD9B0DB896D124D566D8 /* Copy Pods Resources */ = {
			isa = PBXShellScriptBuildPhase;
			buildActionMask = 2147483647;
			files = (
			);
			inputPaths = (
			);
			name = "Copy Pods Resources";
			outputPaths = (
			);
			runOnlyForDeploymentPostprocessing = 0;
			shellPath = /bin/sh;
			shellScript = "\"${SRCROOT}/Pods/Target Support Files/Pods/Pods-resources.sh\"\n";
			showEnvVarsInLog = 0;
		};
		F8CCDF5C2AE471B576B36460 /* Check Pods Manifest.lock */ = {
			isa = PBXShellScriptBuildPhase;
			buildActionMask = 2147483647;
			files = (
			);
			inputPaths = (
			);
			name = "Check Pods Manifest.lock";
			outputPaths = (
			);
			runOnlyForDeploymentPostprocessing = 0;
			shellPath = /bin/sh;
			shellScript = "diff \"${PODS_ROOT}/../Podfile.lock\" \"${PODS_ROOT}/Manifest.lock\" > /dev/null\nif [[ $? != 0 ]] ; then\n    cat << EOM\nerror: The sandbox is not in sync with the Podfile.lock. Run 'pod install' or update your CocoaPods installation.\nEOM\n    exit 1\nfi\n";
			showEnvVarsInLog = 0;
		};
/* End PBXShellScriptBuildPhase section */

/* Begin PBXSourcesBuildPhase section */
		E6FF171C1B09E24E002CD9AD /* Sources */ = {
			isa = PBXSourcesBuildPhase;
			buildActionMask = 2147483647;
			files = (
				E692E38C1B0B3376007B6434 /* DBKBlock.swift in Sources */,
				E6FF17281B09E24E002CD9AD /* ViewController.swift in Sources */,
				E6FF17261B09E24E002CD9AD /* AppDelegate.swift in Sources */,
			);
			runOnlyForDeploymentPostprocessing = 0;
		};
		E6FF17311B09E24E002CD9AD /* Sources */ = {
			isa = PBXSourcesBuildPhase;
			buildActionMask = 2147483647;
			files = (
				E6FF173C1B09E24E002CD9AD /* primus_obj_swift_helloworldTests.swift in Sources */,
			);
			runOnlyForDeploymentPostprocessing = 0;
		};
/* End PBXSourcesBuildPhase section */

/* Begin PBXTargetDependency section */
		E6FF17371B09E24E002CD9AD /* PBXTargetDependency */ = {
			isa = PBXTargetDependency;
			target = E6FF171F1B09E24E002CD9AD /* primus-obj-swift-helloworld */;
			targetProxy = E6FF17361B09E24E002CD9AD /* PBXContainerItemProxy */;
		};
/* End PBXTargetDependency section */

/* Begin PBXVariantGroup section */
		E6FF17291B09E24E002CD9AD /* Main.storyboard */ = {
			isa = PBXVariantGroup;
			children = (
				E6FF172A1B09E24E002CD9AD /* Base */,
			);
			name = Main.storyboard;
			sourceTree = "<group>";
		};
		E6FF172E1B09E24E002CD9AD /* LaunchScreen.xib */ = {
			isa = PBXVariantGroup;
			children = (
				E6FF172F1B09E24E002CD9AD /* Base */,
			);
			name = LaunchScreen.xib;
			sourceTree = "<group>";
		};
/* End PBXVariantGroup section */

/* Begin XCBuildConfiguration section */
		E6FF173D1B09E24E002CD9AD /* Debug */ = {
			isa = XCBuildConfiguration;
			buildSettings = {
				ALWAYS_SEARCH_USER_PATHS = NO;
				CLANG_CXX_LANGUAGE_STANDARD = "gnu++0x";
				CLANG_CXX_LIBRARY = "libc++";
				CLANG_ENABLE_MODULES = YES;
				CLANG_ENABLE_OBJC_ARC = YES;
				CLANG_WARN_BOOL_CONVERSION = YES;
				CLANG_WARN_CONSTANT_CONVERSION = YES;
				CLANG_WARN_DIRECT_OBJC_ISA_USAGE = YES_ERROR;
				CLANG_WARN_EMPTY_BODY = YES;
				CLANG_WARN_ENUM_CONVERSION = YES;
				CLANG_WARN_INT_CONVERSION = YES;
				CLANG_WARN_OBJC_ROOT_CLASS = YES_ERROR;
				CLANG_WARN_UNREACHABLE_CODE = YES;
				CLANG_WARN__DUPLICATE_METHOD_MATCH = YES;
				"CODE_SIGN_IDENTITY[sdk=iphoneos*]" = "iPhone Developer";
				COPY_PHASE_STRIP = NO;
				DEBUG_INFORMATION_FORMAT = "dwarf-with-dsym";
				ENABLE_STRICT_OBJC_MSGSEND = YES;
				GCC_C_LANGUAGE_STANDARD = gnu99;
				GCC_DYNAMIC_NO_PIC = NO;
				GCC_NO_COMMON_BLOCKS = YES;
				GCC_OPTIMIZATION_LEVEL = 0;
				GCC_PREPROCESSOR_DEFINITIONS = (
					"DEBUG=1",
					"$(inherited)",
				);
				GCC_SYMBOLS_PRIVATE_EXTERN = NO;
				GCC_WARN_64_TO_32_BIT_CONVERSION = YES;
				GCC_WARN_ABOUT_RETURN_TYPE = YES_ERROR;
				GCC_WARN_UNDECLARED_SELECTOR = YES;
				GCC_WARN_UNINITIALIZED_AUTOS = YES_AGGRESSIVE;
				GCC_WARN_UNUSED_FUNCTION = YES;
				GCC_WARN_UNUSED_VARIABLE = YES;
				IPHONEOS_DEPLOYMENT_TARGET = 8.3;
				MTL_ENABLE_DEBUG_INFO = YES;
				ONLY_ACTIVE_ARCH = YES;
				SDKROOT = iphoneos;
				SWIFT_OPTIMIZATION_LEVEL = "-Onone";
				TARGETED_DEVICE_FAMILY = "1,2";
			};
			name = Debug;
		};
		E6FF173E1B09E24E002CD9AD /* Release */ = {
			isa = XCBuildConfiguration;
			buildSettings = {
				ALWAYS_SEARCH_USER_PATHS = NO;
				CLANG_CXX_LANGUAGE_STANDARD = "gnu++0x";
				CLANG_CXX_LIBRARY = "libc++";
				CLANG_ENABLE_MODULES = YES;
				CLANG_ENABLE_OBJC_ARC = YES;
				CLANG_WARN_BOOL_CONVERSION = YES;
				CLANG_WARN_CONSTANT_CONVERSION = YES;
				CLANG_WARN_DIRECT_OBJC_ISA_USAGE = YES_ERROR;
				CLANG_WARN_EMPTY_BODY = YES;
				CLANG_WARN_ENUM_CONVERSION = YES;
				CLANG_WARN_INT_CONVERSION = YES;
				CLANG_WARN_OBJC_ROOT_CLASS = YES_ERROR;
				CLANG_WARN_UNREACHABLE_CODE = YES;
				CLANG_WARN__DUPLICATE_METHOD_MATCH = YES;
				"CODE_SIGN_IDENTITY[sdk=iphoneos*]" = "iPhone Developer";
				COPY_PHASE_STRIP = NO;
				DEBUG_INFORMATION_FORMAT = "dwarf-with-dsym";
				ENABLE_NS_ASSERTIONS = NO;
				ENABLE_STRICT_OBJC_MSGSEND = YES;
				GCC_C_LANGUAGE_STANDARD = gnu99;
				GCC_NO_COMMON_BLOCKS = YES;
				GCC_WARN_64_TO_32_BIT_CONVERSION = YES;
				GCC_WARN_ABOUT_RETURN_TYPE = YES_ERROR;
				GCC_WARN_UNDECLARED_SELECTOR = YES;
				GCC_WARN_UNINITIALIZED_AUTOS = YES_AGGRESSIVE;
				GCC_WARN_UNUSED_FUNCTION = YES;
				GCC_WARN_UNUSED_VARIABLE = YES;
				IPHONEOS_DEPLOYMENT_TARGET = 8.3;
				MTL_ENABLE_DEBUG_INFO = NO;
				SDKROOT = iphoneos;
				TARGETED_DEVICE_FAMILY = "1,2";
				VALIDATE_PRODUCT = YES;
			};
			name = Release;
		};
		E6FF17401B09E24E002CD9AD /* Debug */ = {
			isa = XCBuildConfiguration;
			baseConfigurationReference = 497248D1A3F3A8A324735AB2 /* Pods.debug.xcconfig */;
			buildSettings = {
				ASSETCATALOG_COMPILER_APPICON_NAME = AppIcon;
				CLANG_ENABLE_MODULES = YES;
				INFOPLIST_FILE = "primus-obj-swift-helloworld/Info.plist";
				LD_RUNPATH_SEARCH_PATHS = "$(inherited) @executable_path/Frameworks";
				PRODUCT_NAME = "$(TARGET_NAME)";
				SWIFT_OBJC_BRIDGING_HEADER = "primus-obj-swift-helloworld/primus-obj-swift-helloworld-Bridging-Header.h";
				SWIFT_OPTIMIZATION_LEVEL = "-Onone";
			};
			name = Debug;
		};
		E6FF17411B09E24E002CD9AD /* Release */ = {
			isa = XCBuildConfiguration;
			baseConfigurationReference = 0E87227214E457CCC7717B64 /* Pods.release.xcconfig */;
			buildSettings = {
				ASSETCATALOG_COMPILER_APPICON_NAME = AppIcon;
				CLANG_ENABLE_MODULES = YES;
				INFOPLIST_FILE = "primus-obj-swift-helloworld/Info.plist";
				LD_RUNPATH_SEARCH_PATHS = "$(inherited) @executable_path/Frameworks";
				PRODUCT_NAME = "$(TARGET_NAME)";
				SWIFT_OBJC_BRIDGING_HEADER = "primus-obj-swift-helloworld/primus-obj-swift-helloworld-Bridging-Header.h";
			};
			name = Release;
		};
		E6FF17431B09E24E002CD9AD /* Debug */ = {
			isa = XCBuildConfiguration;
			buildSettings = {
				BUNDLE_LOADER = "$(TEST_HOST)";
				FRAMEWORK_SEARCH_PATHS = (
					"$(SDKROOT)/Developer/Library/Frameworks",
					"$(inherited)",
				);
				GCC_PREPROCESSOR_DEFINITIONS = (
					"DEBUG=1",
					"$(inherited)",
				);
				INFOPLIST_FILE = "primus-obj-swift-helloworldTests/Info.plist";
				LD_RUNPATH_SEARCH_PATHS = "$(inherited) @executable_path/Frameworks @loader_path/Frameworks";
				PRODUCT_NAME = "$(TARGET_NAME)";
				TEST_HOST = "$(BUILT_PRODUCTS_DIR)/primus-obj-swift-helloworld.app/primus-obj-swift-helloworld";
			};
			name = Debug;
		};
		E6FF17441B09E24E002CD9AD /* Release */ = {
			isa = XCBuildConfiguration;
			buildSettings = {
				BUNDLE_LOADER = "$(TEST_HOST)";
				FRAMEWORK_SEARCH_PATHS = (
					"$(SDKROOT)/Developer/Library/Frameworks",
					"$(inherited)",
				);
				INFOPLIST_FILE = "primus-obj-swift-helloworldTests/Info.plist";
				LD_RUNPATH_SEARCH_PATHS = "$(inherited) @executable_path/Frameworks @loader_path/Frameworks";
				PRODUCT_NAME = "$(TARGET_NAME)";
				TEST_HOST = "$(BUILT_PRODUCTS_DIR)/primus-obj-swift-helloworld.app/primus-obj-swift-helloworld";
			};
			name = Release;
		};
/* End XCBuildConfiguration section */

/* Begin XCConfigurationList section */
		E6FF171B1B09E24E002CD9AD /* Build configuration list for PBXProject "primus-obj-swift-helloworld" */ = {
			isa = XCConfigurationList;
			buildConfigurations = (
				E6FF173D1B09E24E002CD9AD /* Debug */,
				E6FF173E1B09E24E002CD9AD /* Release */,
			);
			defaultConfigurationIsVisible = 0;
			defaultConfigurationName = Release;
		};
		E6FF173F1B09E24E002CD9AD /* Build configuration list for PBXNativeTarget "primus-obj-swift-helloworld" */ = {
			isa = XCConfigurationList;
			buildConfigurations = (
				E6FF17401B09E24E002CD9AD /* Debug */,
				E6FF17411B09E24E002CD9AD /* Release */,
			);
			defaultConfigurationIsVisible = 0;
			defaultConfigurationName = Release;
		};
		E6FF17421B09E24E002CD9AD /* Build configuration list for PBXNativeTarget "primus-obj-swift-helloworldTests" */ = {
			isa = XCConfigurationList;
			buildConfigurations = (
				E6FF17431B09E24E002CD9AD /* Debug */,
				E6FF17441B09E24E002CD9AD /* Release */,
			);
			defaultConfigurationIsVisible = 0;
			defaultConfigurationName = Release;
		};
/* End XCConfigurationList section */
	};
	rootObject = E6FF17181B09E24E002CD9AD /* Project object */;
}
