// !$*UTF8*$!
{
	archiveVersion = 1;
	classes = {
	};
	objectVersion = 46;
	objects = {

/* Begin PBXBuildFile section */
		E6A352021B0D99E200BDE902 /* AppDelegate.swift in Sources */ = {isa = PBXBuildFile; fileRef = E6A352011B0D99E200BDE902 /* AppDelegate.swift */; };
		E6A352041B0D99E200BDE902 /* ViewController.swift in Sources */ = {isa = PBXBuildFile; fileRef = E6A352031B0D99E200BDE902 /* ViewController.swift */; };
		E6A352071B0D99E200BDE902 /* Main.storyboard in Resources */ = {isa = PBXBuildFile; fileRef = E6A352051B0D99E200BDE902 /* Main.storyboard */; };
		E6A352091B0D99E200BDE902 /* Images.xcassets in Resources */ = {isa = PBXBuildFile; fileRef = E6A352081B0D99E200BDE902 /* Images.xcassets */; };
		E6A3520C1B0D99E200BDE902 /* LaunchScreen.xib in Resources */ = {isa = PBXBuildFile; fileRef = E6A3520A1B0D99E200BDE902 /* LaunchScreen.xib */; };
		E6A352181B0D99E200BDE902 /* primus_objc_swift_helloworldTests.swift in Sources */ = {isa = PBXBuildFile; fileRef = E6A352171B0D99E200BDE902 /* primus_objc_swift_helloworldTests.swift */; };
		E6A352231B0D9A8C00BDE902 /* DBKBlock.swift in Sources */ = {isa = PBXBuildFile; fileRef = E6A352211B0D9A8C00BDE902 /* DBKBlock.swift */; };
		F9915DB7800C08F4D7DFBA76 /* libPods.a in Frameworks */ = {isa = PBXBuildFile; fileRef = 78D4A561C35C26B8A344915D /* libPods.a */; };
/* End PBXBuildFile section */

/* Begin PBXContainerItemProxy section */
		E6A352121B0D99E200BDE902 /* PBXContainerItemProxy */ = {
			isa = PBXContainerItemProxy;
			containerPortal = E6A351F41B0D99E200BDE902 /* Project object */;
			proxyType = 1;
			remoteGlobalIDString = E6A351FB1B0D99E200BDE902;
			remoteInfo = "primus-objc-swift-helloworld";
		};
/* End PBXContainerItemProxy section */

/* Begin PBXFileReference section */
		003FE7A34423196FC17A79B9 /* Pods.debug.xcconfig */ = {isa = PBXFileReference; includeInIndex = 1; lastKnownFileType = text.xcconfig; name = Pods.debug.xcconfig; path = "Pods/Target Support Files/Pods/Pods.debug.xcconfig"; sourceTree = "<group>"; };
		78D4A561C35C26B8A344915D /* libPods.a */ = {isa = PBXFileReference; explicitFileType = archive.ar; includeInIndex = 0; path = libPods.a; sourceTree = BUILT_PRODUCTS_DIR; };
		CE4BA8CF2F487CDE5AAD1B89 /* Pods.release.xcconfig */ = {isa = PBXFileReference; includeInIndex = 1; lastKnownFileType = text.xcconfig; name = Pods.release.xcconfig; path = "Pods/Target Support Files/Pods/Pods.release.xcconfig"; sourceTree = "<group>"; };
		E6A351FC1B0D99E200BDE902 /* primus-objc-swift-helloworld.app */ = {isa = PBXFileReference; explicitFileType = wrapper.application; includeInIndex = 0; path = "primus-objc-swift-helloworld.app"; sourceTree = BUILT_PRODUCTS_DIR; };
		E6A352001B0D99E200BDE902 /* Info.plist */ = {isa = PBXFileReference; lastKnownFileType = text.plist.xml; path = Info.plist; sourceTree = "<group>"; };
		E6A352011B0D99E200BDE902 /* AppDelegate.swift */ = {isa = PBXFileReference; lastKnownFileType = sourcecode.swift; path = AppDelegate.swift; sourceTree = "<group>"; };
		E6A352031B0D99E200BDE902 /* ViewController.swift */ = {isa = PBXFileReference; lastKnownFileType = sourcecode.swift; path = ViewController.swift; sourceTree = "<group>"; };
		E6A352061B0D99E200BDE902 /* Base */ = {isa = PBXFileReference; lastKnownFileType = file.storyboard; name = Base; path = Base.lproj/Main.storyboard; sourceTree = "<group>"; };
		E6A352081B0D99E200BDE902 /* Images.xcassets */ = {isa = PBXFileReference; lastKnownFileType = folder.assetcatalog; path = Images.xcassets; sourceTree = "<group>"; };
		E6A3520B1B0D99E200BDE902 /* Base */ = {isa = PBXFileReference; lastKnownFileType = file.xib; name = Base; path = Base.lproj/LaunchScreen.xib; sourceTree = "<group>"; };
		E6A352111B0D99E200BDE902 /* primus-objc-swift-helloworldTests.xctest */ = {isa = PBXFileReference; explicitFileType = wrapper.cfbundle; includeInIndex = 0; path = "primus-objc-swift-helloworldTests.xctest"; sourceTree = BUILT_PRODUCTS_DIR; };
		E6A352161B0D99E200BDE902 /* Info.plist */ = {isa = PBXFileReference; lastKnownFileType = text.plist.xml; path = Info.plist; sourceTree = "<group>"; };
		E6A352171B0D99E200BDE902 /* primus_objc_swift_helloworldTests.swift */ = {isa = PBXFileReference; lastKnownFileType = sourcecode.swift; path = primus_objc_swift_helloworldTests.swift; sourceTree = "<group>"; };
		E6A352211B0D9A8C00BDE902 /* DBKBlock.swift */ = {isa = PBXFileReference; fileEncoding = 4; lastKnownFileType = sourcecode.swift; path = DBKBlock.swift; sourceTree = "<group>"; };
		E6A353011B0D9C0C00BDE902 /* primus-objc-swift-helloworld-Bridging-Header.h */ = {isa = PBXFileReference; fileEncoding = 4; lastKnownFileType = sourcecode.c.h; path = "primus-objc-swift-helloworld-Bridging-Header.h"; sourceTree = "<group>"; };
		E6A353EB1B0D9E1E00BDE902 /* BlocksKit */ = {isa = PBXFileReference; lastKnownFileType = folder; name = BlocksKit; path = Pods/BlocksKit; sourceTree = "<group>"; };
		E6A353EC1B0D9E1E00BDE902 /* Emitter */ = {isa = PBXFileReference; lastKnownFileType = folder; name = Emitter; path = Pods/Emitter; sourceTree = "<group>"; };
		E6A353ED1B0D9E1E00BDE902 /* GCDTimer */ = {isa = PBXFileReference; lastKnownFileType = folder; name = GCDTimer; path = Pods/GCDTimer; sourceTree = "<group>"; };
		E6A353EE1B0D9E1E00BDE902 /* Headers */ = {isa = PBXFileReference; lastKnownFileType = folder; name = Headers; path = Pods/Headers; sourceTree = "<group>"; };
		E6A353EF1B0D9E1E00BDE902 /* libextobjc */ = {isa = PBXFileReference; lastKnownFileType = folder; name = libextobjc; path = Pods/libextobjc; sourceTree = "<group>"; };
		E6A353F01B0D9E1E00BDE902 /* Primus */ = {isa = PBXFileReference; lastKnownFileType = folder; name = Primus; path = Pods/Primus; sourceTree = "<group>"; };
		E6A353F11B0D9E1E00BDE902 /* Reachability */ = {isa = PBXFileReference; lastKnownFileType = folder; name = Reachability; path = Pods/Reachability; sourceTree = "<group>"; };
		E6A353F21B0D9E1E00BDE902 /* SocketRocket */ = {isa = PBXFileReference; lastKnownFileType = folder; name = SocketRocket; path = Pods/SocketRocket; sourceTree = "<group>"; };
/* End PBXFileReference section */

/* Begin PBXFrameworksBuildPhase section */
		E6A351F91B0D99E200BDE902 /* Frameworks */ = {
			isa = PBXFrameworksBuildPhase;
			buildActionMask = 2147483647;
			files = (
				F9915DB7800C08F4D7DFBA76 /* libPods.a in Frameworks */,
			);
			runOnlyForDeploymentPostprocessing = 0;
		};
		E6A3520E1B0D99E200BDE902 /* Frameworks */ = {
			isa = PBXFrameworksBuildPhase;
			buildActionMask = 2147483647;
			files = (
			);
			runOnlyForDeploymentPostprocessing = 0;
		};
/* End PBXFrameworksBuildPhase section */

/* Begin PBXGroup section */
		44212EF5B996E4065478C64B /* Frameworks */ = {
			isa = PBXGroup;
			children = (
				78D4A561C35C26B8A344915D /* libPods.a */,
			);
			name = Frameworks;
			sourceTree = "<group>";
		};
		83A5D6928840C729677DFA75 /* Pods */ = {
			isa = PBXGroup;
			children = (
				003FE7A34423196FC17A79B9 /* Pods.debug.xcconfig */,
				CE4BA8CF2F487CDE5AAD1B89 /* Pods.release.xcconfig */,
			);
			name = Pods;
			sourceTree = "<group>";
		};
		E6A351F31B0D99E200BDE902 = {
			isa = PBXGroup;
			children = (
				E6A353EB1B0D9E1E00BDE902 /* BlocksKit */,
				E6A353EC1B0D9E1E00BDE902 /* Emitter */,
				E6A353ED1B0D9E1E00BDE902 /* GCDTimer */,
				E6A353EE1B0D9E1E00BDE902 /* Headers */,
				E6A353EF1B0D9E1E00BDE902 /* libextobjc */,
				E6A353F01B0D9E1E00BDE902 /* Primus */,
				E6A353F11B0D9E1E00BDE902 /* Reachability */,
				E6A353F21B0D9E1E00BDE902 /* SocketRocket */,
				E6A351FE1B0D99E200BDE902 /* primus-objc-swift-helloworld */,
				E6A352141B0D99E200BDE902 /* primus-objc-swift-helloworldTests */,
				E6A351FD1B0D99E200BDE902 /* Products */,
				83A5D6928840C729677DFA75 /* Pods */,
				44212EF5B996E4065478C64B /* Frameworks */,
			);
			sourceTree = "<group>";
		};
		E6A351FD1B0D99E200BDE902 /* Products */ = {
			isa = PBXGroup;
			children = (
				E6A351FC1B0D99E200BDE902 /* primus-objc-swift-helloworld.app */,
				E6A352111B0D99E200BDE902 /* primus-objc-swift-helloworldTests.xctest */,
			);
			name = Products;
			sourceTree = "<group>";
		};
		E6A351FE1B0D99E200BDE902 /* primus-objc-swift-helloworld */ = {
			isa = PBXGroup;
			children = (
				E6A353011B0D9C0C00BDE902 /* primus-objc-swift-helloworld-Bridging-Header.h */,
				E6A352011B0D99E200BDE902 /* AppDelegate.swift */,
				E6A352031B0D99E200BDE902 /* ViewController.swift */,
				E6A352211B0D9A8C00BDE902 /* DBKBlock.swift */,
				E6A352051B0D99E200BDE902 /* Main.storyboard */,
				E6A352081B0D99E200BDE902 /* Images.xcassets */,
				E6A3520A1B0D99E200BDE902 /* LaunchScreen.xib */,
				E6A351FF1B0D99E200BDE902 /* Supporting Files */,
			);
			path = "primus-objc-swift-helloworld";
			sourceTree = "<group>";
		};
		E6A351FF1B0D99E200BDE902 /* Supporting Files */ = {
			isa = PBXGroup;
			children = (
				E6A352001B0D99E200BDE902 /* Info.plist */,
			);
			name = "Supporting Files";
			sourceTree = "<group>";
		};
		E6A352141B0D99E200BDE902 /* primus-objc-swift-helloworldTests */ = {
			isa = PBXGroup;
			children = (
				E6A352171B0D99E200BDE902 /* primus_objc_swift_helloworldTests.swift */,
				E6A352151B0D99E200BDE902 /* Supporting Files */,
			);
			path = "primus-objc-swift-helloworldTests";
			sourceTree = "<group>";
		};
		E6A352151B0D99E200BDE902 /* Supporting Files */ = {
			isa = PBXGroup;
			children = (
				E6A352161B0D99E200BDE902 /* Info.plist */,
			);
			name = "Supporting Files";
			sourceTree = "<group>";
		};
/* End PBXGroup section */

/* Begin PBXNativeTarget section */
		E6A351FB1B0D99E200BDE902 /* primus-objc-swift-helloworld */ = {
			isa = PBXNativeTarget;
			buildConfigurationList = E6A3521B1B0D99E200BDE902 /* Build configuration list for PBXNativeTarget "primus-objc-swift-helloworld" */;
			buildPhases = (
				D356DD2B2B7BF70530489FBD /* Check Pods Manifest.lock */,
				E6A351F81B0D99E200BDE902 /* Sources */,
				E6A351F91B0D99E200BDE902 /* Frameworks */,
				E6A351FA1B0D99E200BDE902 /* Resources */,
				506592863A16EA9C2CB277FC /* Copy Pods Resources */,
			);
			buildRules = (
			);
			dependencies = (
			);
			name = "primus-objc-swift-helloworld";
			productName = "primus-objc-swift-helloworld";
			productReference = E6A351FC1B0D99E200BDE902 /* primus-objc-swift-helloworld.app */;
			productType = "com.apple.product-type.application";
		};
		E6A352101B0D99E200BDE902 /* primus-objc-swift-helloworldTests */ = {
			isa = PBXNativeTarget;
			buildConfigurationList = E6A3521E1B0D99E200BDE902 /* Build configuration list for PBXNativeTarget "primus-objc-swift-helloworldTests" */;
			buildPhases = (
				E6A3520D1B0D99E200BDE902 /* Sources */,
				E6A3520E1B0D99E200BDE902 /* Frameworks */,
				E6A3520F1B0D99E200BDE902 /* Resources */,
			);
			buildRules = (
			);
			dependencies = (
				E6A352131B0D99E200BDE902 /* PBXTargetDependency */,
			);
			name = "primus-objc-swift-helloworldTests";
			productName = "primus-objc-swift-helloworldTests";
			productReference = E6A352111B0D99E200BDE902 /* primus-objc-swift-helloworldTests.xctest */;
			productType = "com.apple.product-type.bundle.unit-test";
		};
/* End PBXNativeTarget section */

/* Begin PBXProject section */
		E6A351F41B0D99E200BDE902 /* Project object */ = {
			isa = PBXProject;
			attributes = {
				LastUpgradeCheck = 0630;
				ORGANIZATIONNAME = Debokeh;
				TargetAttributes = {
					E6A351FB1B0D99E200BDE902 = {
						CreatedOnToolsVersion = 6.3.2;
					};
					E6A352101B0D99E200BDE902 = {
						CreatedOnToolsVersion = 6.3.2;
						TestTargetID = E6A351FB1B0D99E200BDE902;
					};
				};
			};
			buildConfigurationList = E6A351F71B0D99E200BDE902 /* Build configuration list for PBXProject "primus-objc-swift-helloworld" */;
			compatibilityVersion = "Xcode 3.2";
			developmentRegion = English;
			hasScannedForEncodings = 0;
			knownRegions = (
				en,
				Base,
			);
			mainGroup = E6A351F31B0D99E200BDE902;
			productRefGroup = E6A351FD1B0D99E200BDE902 /* Products */;
			projectDirPath = "";
			projectRoot = "";
			targets = (
				E6A351FB1B0D99E200BDE902 /* primus-objc-swift-helloworld */,
				E6A352101B0D99E200BDE902 /* primus-objc-swift-helloworldTests */,
			);
		};
/* End PBXProject section */

/* Begin PBXResourcesBuildPhase section */
		E6A351FA1B0D99E200BDE902 /* Resources */ = {
			isa = PBXResourcesBuildPhase;
			buildActionMask = 2147483647;
			files = (
				E6A352071B0D99E200BDE902 /* Main.storyboard in Resources */,
				E6A3520C1B0D99E200BDE902 /* LaunchScreen.xib in Resources */,
				E6A352091B0D99E200BDE902 /* Images.xcassets in Resources */,
			);
			runOnlyForDeploymentPostprocessing = 0;
		};
		E6A3520F1B0D99E200BDE902 /* Resources */ = {
			isa = PBXResourcesBuildPhase;
			buildActionMask = 2147483647;
			files = (
			);
			runOnlyForDeploymentPostprocessing = 0;
		};
/* End PBXResourcesBuildPhase section */

/* Begin PBXShellScriptBuildPhase section */
		506592863A16EA9C2CB277FC /* Copy Pods Resources */ = {
			isa = PBXShellScriptBuildPhase;
			buildActionMask = 2147483647;
			files = (
			);
			inputPaths = (
			);
			name = "Copy Pods Resources";
			outputPaths = (
			);
			runOnlyForDeploymentPostprocessing = 0;
			shellPath = /bin/sh;
			shellScript = "\"${SRCROOT}/Pods/Target Support Files/Pods/Pods-resources.sh\"\n";
			showEnvVarsInLog = 0;
		};
		D356DD2B2B7BF70530489FBD /* Check Pods Manifest.lock */ = {
			isa = PBXShellScriptBuildPhase;
			buildActionMask = 2147483647;
			files = (
			);
			inputPaths = (
			);
			name = "Check Pods Manifest.lock";
			outputPaths = (
			);
			runOnlyForDeploymentPostprocessing = 0;
			shellPath = /bin/sh;
			shellScript = "diff \"${PODS_ROOT}/../Podfile.lock\" \"${PODS_ROOT}/Manifest.lock\" > /dev/null\nif [[ $? != 0 ]] ; then\n    cat << EOM\nerror: The sandbox is not in sync with the Podfile.lock. Run 'pod install' or update your CocoaPods installation.\nEOM\n    exit 1\nfi\n";
			showEnvVarsInLog = 0;
		};
/* End PBXShellScriptBuildPhase section */

/* Begin PBXSourcesBuildPhase section */
		E6A351F81B0D99E200BDE902 /* Sources */ = {
			isa = PBXSourcesBuildPhase;
			buildActionMask = 2147483647;
			files = (
				E6A352041B0D99E200BDE902 /* ViewController.swift in Sources */,
				E6A352021B0D99E200BDE902 /* AppDelegate.swift in Sources */,
				E6A352231B0D9A8C00BDE902 /* DBKBlock.swift in Sources */,
			);
			runOnlyForDeploymentPostprocessing = 0;
		};
		E6A3520D1B0D99E200BDE902 /* Sources */ = {
			isa = PBXSourcesBuildPhase;
			buildActionMask = 2147483647;
			files = (
				E6A352181B0D99E200BDE902 /* primus_objc_swift_helloworldTests.swift in Sources */,
			);
			runOnlyForDeploymentPostprocessing = 0;
		};
/* End PBXSourcesBuildPhase section */

/* Begin PBXTargetDependency section */
		E6A352131B0D99E200BDE902 /* PBXTargetDependency */ = {
			isa = PBXTargetDependency;
			target = E6A351FB1B0D99E200BDE902 /* primus-objc-swift-helloworld */;
			targetProxy = E6A352121B0D99E200BDE902 /* PBXContainerItemProxy */;
		};
/* End PBXTargetDependency section */

/* Begin PBXVariantGroup section */
		E6A352051B0D99E200BDE902 /* Main.storyboard */ = {
			isa = PBXVariantGroup;
			children = (
				E6A352061B0D99E200BDE902 /* Base */,
			);
			name = Main.storyboard;
			sourceTree = "<group>";
		};
		E6A3520A1B0D99E200BDE902 /* LaunchScreen.xib */ = {
			isa = PBXVariantGroup;
			children = (
				E6A3520B1B0D99E200BDE902 /* Base */,
			);
			name = LaunchScreen.xib;
			sourceTree = "<group>";
		};
/* End PBXVariantGroup section */

/* Begin XCBuildConfiguration section */
		E6A352191B0D99E200BDE902 /* Debug */ = {
			isa = XCBuildConfiguration;
			buildSettings = {
				ALWAYS_SEARCH_USER_PATHS = NO;
				CLANG_CXX_LANGUAGE_STANDARD = "gnu++0x";
				CLANG_CXX_LIBRARY = "libc++";
				CLANG_ENABLE_MODULES = YES;
				CLANG_ENABLE_OBJC_ARC = YES;
				CLANG_WARN_BOOL_CONVERSION = YES;
				CLANG_WARN_CONSTANT_CONVERSION = YES;
				CLANG_WARN_DIRECT_OBJC_ISA_USAGE = YES_ERROR;
				CLANG_WARN_EMPTY_BODY = YES;
				CLANG_WARN_ENUM_CONVERSION = YES;
				CLANG_WARN_INT_CONVERSION = YES;
				CLANG_WARN_OBJC_ROOT_CLASS = YES_ERROR;
				CLANG_WARN_UNREACHABLE_CODE = YES;
				CLANG_WARN__DUPLICATE_METHOD_MATCH = YES;
				"CODE_SIGN_IDENTITY[sdk=iphoneos*]" = "iPhone Developer";
				COPY_PHASE_STRIP = NO;
				DEBUG_INFORMATION_FORMAT = "dwarf-with-dsym";
				ENABLE_STRICT_OBJC_MSGSEND = YES;
				GCC_C_LANGUAGE_STANDARD = gnu99;
				GCC_DYNAMIC_NO_PIC = NO;
				GCC_NO_COMMON_BLOCKS = YES;
				GCC_OPTIMIZATION_LEVEL = 0;
				GCC_PREPROCESSOR_DEFINITIONS = (
					"DEBUG=1",
					"$(inherited)",
				);
				GCC_SYMBOLS_PRIVATE_EXTERN = NO;
				GCC_WARN_64_TO_32_BIT_CONVERSION = YES;
				GCC_WARN_ABOUT_RETURN_TYPE = YES_ERROR;
				GCC_WARN_UNDECLARED_SELECTOR = YES;
				GCC_WARN_UNINITIALIZED_AUTOS = YES_AGGRESSIVE;
				GCC_WARN_UNUSED_FUNCTION = YES;
				GCC_WARN_UNUSED_VARIABLE = YES;
				IPHONEOS_DEPLOYMENT_TARGET = 8.3;
				MTL_ENABLE_DEBUG_INFO = YES;
				ONLY_ACTIVE_ARCH = YES;
				SDKROOT = iphoneos;
				SWIFT_OPTIMIZATION_LEVEL = "-Onone";
				TARGETED_DEVICE_FAMILY = "1,2";
			};
			name = Debug;
		};
		E6A3521A1B0D99E200BDE902 /* Release */ = {
			isa = XCBuildConfiguration;
			buildSettings = {
				ALWAYS_SEARCH_USER_PATHS = NO;
				CLANG_CXX_LANGUAGE_STANDARD = "gnu++0x";
				CLANG_CXX_LIBRARY = "libc++";
				CLANG_ENABLE_MODULES = YES;
				CLANG_ENABLE_OBJC_ARC = YES;
				CLANG_WARN_BOOL_CONVERSION = YES;
				CLANG_WARN_CONSTANT_CONVERSION = YES;
				CLANG_WARN_DIRECT_OBJC_ISA_USAGE = YES_ERROR;
				CLANG_WARN_EMPTY_BODY = YES;
				CLANG_WARN_ENUM_CONVERSION = YES;
				CLANG_WARN_INT_CONVERSION = YES;
				CLANG_WARN_OBJC_ROOT_CLASS = YES_ERROR;
				CLANG_WARN_UNREACHABLE_CODE = YES;
				CLANG_WARN__DUPLICATE_METHOD_MATCH = YES;
				"CODE_SIGN_IDENTITY[sdk=iphoneos*]" = "iPhone Developer";
				COPY_PHASE_STRIP = NO;
				DEBUG_INFORMATION_FORMAT = "dwarf-with-dsym";
				ENABLE_NS_ASSERTIONS = NO;
				ENABLE_STRICT_OBJC_MSGSEND = YES;
				GCC_C_LANGUAGE_STANDARD = gnu99;
				GCC_NO_COMMON_BLOCKS = YES;
				GCC_WARN_64_TO_32_BIT_CONVERSION = YES;
				GCC_WARN_ABOUT_RETURN_TYPE = YES_ERROR;
				GCC_WARN_UNDECLARED_SELECTOR = YES;
				GCC_WARN_UNINITIALIZED_AUTOS = YES_AGGRESSIVE;
				GCC_WARN_UNUSED_FUNCTION = YES;
				GCC_WARN_UNUSED_VARIABLE = YES;
				IPHONEOS_DEPLOYMENT_TARGET = 8.3;
				MTL_ENABLE_DEBUG_INFO = NO;
				SDKROOT = iphoneos;
				TARGETED_DEVICE_FAMILY = "1,2";
				VALIDATE_PRODUCT = YES;
			};
			name = Release;
		};
		E6A3521C1B0D99E200BDE902 /* Debug */ = {
			isa = XCBuildConfiguration;
			baseConfigurationReference = 003FE7A34423196FC17A79B9 /* Pods.debug.xcconfig */;
			buildSettings = {
				ASSETCATALOG_COMPILER_APPICON_NAME = AppIcon;
				INFOPLIST_FILE = "primus-objc-swift-helloworld/Info.plist";
				LD_RUNPATH_SEARCH_PATHS = "$(inherited) @executable_path/Frameworks";
				PRODUCT_NAME = "$(TARGET_NAME)";
				SWIFT_OBJC_BRIDGING_HEADER = "primus-objc-swift-helloworld/primus-objc-swift-helloworld-Bridging-Header.h";
			};
			name = Debug;
		};
		E6A3521D1B0D99E200BDE902 /* Release */ = {
			isa = XCBuildConfiguration;
			baseConfigurationReference = CE4BA8CF2F487CDE5AAD1B89 /* Pods.release.xcconfig */;
			buildSettings = {
				ASSETCATALOG_COMPILER_APPICON_NAME = AppIcon;
				INFOPLIST_FILE = "primus-objc-swift-helloworld/Info.plist";
				LD_RUNPATH_SEARCH_PATHS = "$(inherited) @executable_path/Frameworks";
				PRODUCT_NAME = "$(TARGET_NAME)";
				SWIFT_OBJC_BRIDGING_HEADER = "primus-objc-swift-helloworld/primus-objc-swift-helloworld-Bridging-Header.h";
			};
			name = Release;
		};
		E6A3521F1B0D99E200BDE902 /* Debug */ = {
			isa = XCBuildConfiguration;
			buildSettings = {
				BUNDLE_LOADER = "$(TEST_HOST)";
				FRAMEWORK_SEARCH_PATHS = (
					"$(SDKROOT)/Developer/Library/Frameworks",
					"$(inherited)",
				);
				GCC_PREPROCESSOR_DEFINITIONS = (
					"DEBUG=1",
					"$(inherited)",
				);
				INFOPLIST_FILE = "primus-objc-swift-helloworldTests/Info.plist";
				LD_RUNPATH_SEARCH_PATHS = "$(inherited) @executable_path/Frameworks @loader_path/Frameworks";
				PRODUCT_NAME = "$(TARGET_NAME)";
				TEST_HOST = "$(BUILT_PRODUCTS_DIR)/primus-objc-swift-helloworld.app/primus-objc-swift-helloworld";
			};
			name = Debug;
		};
		E6A352201B0D99E200BDE902 /* Release */ = {
			isa = XCBuildConfiguration;
			buildSettings = {
				BUNDLE_LOADER = "$(TEST_HOST)";
				FRAMEWORK_SEARCH_PATHS = (
					"$(SDKROOT)/Developer/Library/Frameworks",
					"$(inherited)",
				);
				INFOPLIST_FILE = "primus-objc-swift-helloworldTests/Info.plist";
				LD_RUNPATH_SEARCH_PATHS = "$(inherited) @executable_path/Frameworks @loader_path/Frameworks";
				PRODUCT_NAME = "$(TARGET_NAME)";
				TEST_HOST = "$(BUILT_PRODUCTS_DIR)/primus-objc-swift-helloworld.app/primus-objc-swift-helloworld";
			};
			name = Release;
		};
/* End XCBuildConfiguration section */

/* Begin XCConfigurationList section */
		E6A351F71B0D99E200BDE902 /* Build configuration list for PBXProject "primus-objc-swift-helloworld" */ = {
			isa = XCConfigurationList;
			buildConfigurations = (
				E6A352191B0D99E200BDE902 /* Debug */,
				E6A3521A1B0D99E200BDE902 /* Release */,
			);
			defaultConfigurationIsVisible = 0;
			defaultConfigurationName = Release;
		};
		E6A3521B1B0D99E200BDE902 /* Build configuration list for PBXNativeTarget "primus-objc-swift-helloworld" */ = {
			isa = XCConfigurationList;
			buildConfigurations = (
				E6A3521C1B0D99E200BDE902 /* Debug */,
				E6A3521D1B0D99E200BDE902 /* Release */,
			);
			defaultConfigurationIsVisible = 0;
			defaultConfigurationName = Release;
		};
		E6A3521E1B0D99E200BDE902 /* Build configuration list for PBXNativeTarget "primus-objc-swift-helloworldTests" */ = {
			isa = XCConfigurationList;
			buildConfigurations = (
				E6A3521F1B0D99E200BDE902 /* Debug */,
				E6A352201B0D99E200BDE902 /* Release */,
			);
			defaultConfigurationIsVisible = 0;
			defaultConfigurationName = Release;
		};
/* End XCConfigurationList section */
	};
	rootObject = E6A351F41B0D99E200BDE902 /* Project object */;
}
